
Microsoft Visual Studio Solution File, Format Version 12.00
# Visual Studio Version 17
VisualStudioVersion = 17.10.34707.107
MinimumVisualStudioVersion = 10.0.40219.1
Project("{FAE04EC0-301F-11D3-BF4B-00C04F79EFBC}") = "Practice2025_Gusev", "Practice2025_Gusev.csproj", "{E0C528C9-B3D3-4CA0-8BD0-31AC0554C8D6}"
EndProject
Global
	GlobalSection(SolutionConfigurationPlatforms) = preSolution
		Debug|Any CPU = Debug|Any CPU
		Release|Any CPU = Release|Any CPU
	EndGlobalSection
	GlobalSection(ProjectConfigurationPlatforms) = postSolution
		{E0C528C9-B3D3-4CA0-8BD0-31AC0554C8D6}.Debug|Any CPU.ActiveCfg = Debug|Any CPU
		{E0C528C9-B3D3-4CA0-8BD0-31AC0554C8D6}.Debug|Any CPU.Build.0 = Debug|Any CPU
		{E0C528C9-B3D3-4CA0-8BD0-31AC0554C8D6}.Release|Any CPU.ActiveCfg = Release|Any CPU
		{E0C528C9-B3D3-4CA0-8BD0-31AC0554C8D6}.Release|Any CPU.Build.0 = Release|Any CPU
	EndGlobalSection
	GlobalSection(SolutionProperties) = preSolution
		HideSolutionNode = FALSE
	EndGlobalSection
	GlobalSection(ExtensibilityGlobals) = postSolution
		SolutionGuid = {88BF8767-57C3-4AB6-A440-5E1F007331A6}
	EndGlobalSection
EndGlobal
